// !$*UTF8*$!
{
	archiveVersion = 1;
	classes = {
	};
	objectVersion = 46;
	objects = {

/* Begin PBXBuildFile section */
		028ACD981E14A2FF00AE2C32 /* main.m in Sources */ = {isa = PBXBuildFile; fileRef = 028ACD971E14A2FF00AE2C32 /* main.m */; };
		028ACD9B1E14A2FF00AE2C32 /* AppDelegate.m in Sources */ = {isa = PBXBuildFile; fileRef = 028ACD9A1E14A2FF00AE2C32 /* AppDelegate.m */; };
		028ACD9E1E14A2FF00AE2C32 /* ViewController.m in Sources */ = {isa = PBXBuildFile; fileRef = 028ACD9D1E14A2FF00AE2C32 /* ViewController.m */; };
		028ACDA11E14A2FF00AE2C32 /* Main.storyboard in Resources */ = {isa = PBXBuildFile; fileRef = 028ACD9F1E14A2FF00AE2C32 /* Main.storyboard */; };
		028ACDA31E14A2FF00AE2C32 /* Assets.xcassets in Resources */ = {isa = PBXBuildFile; fileRef = 028ACDA21E14A2FF00AE2C32 /* Assets.xcassets */; };
		028ACDA61E14A2FF00AE2C32 /* LaunchScreen.storyboard in Resources */ = {isa = PBXBuildFile; fileRef = 028ACDA41E14A2FF00AE2C32 /* LaunchScreen.storyboard */; };
		028ACDB11E14A2FF00AE2C32 /* afnetTestTests.m in Sources */ = {isa = PBXBuildFile; fileRef = 028ACDB01E14A2FF00AE2C32 /* afnetTestTests.m */; };
		028ACDBC1E14A2FF00AE2C32 /* afnetTestUITests.m in Sources */ = {isa = PBXBuildFile; fileRef = 028ACDBB1E14A2FF00AE2C32 /* afnetTestUITests.m */; };
		028ACDD71E14A31900AE2C32 /* AFHTTPSessionManager.m in Sources */ = {isa = PBXBuildFile; fileRef = 028ACDCB1E14A31900AE2C32 /* AFHTTPSessionManager.m */; };
		028ACDD81E14A31900AE2C32 /* AFNetworkReachabilityManager.m in Sources */ = {isa = PBXBuildFile; fileRef = 028ACDCE1E14A31900AE2C32 /* AFNetworkReachabilityManager.m */; };
		028ACDD91E14A31900AE2C32 /* AFSecurityPolicy.m in Sources */ = {isa = PBXBuildFile; fileRef = 028ACDD01E14A31900AE2C32 /* AFSecurityPolicy.m */; };
		028ACDDA1E14A31900AE2C32 /* AFURLRequestSerialization.m in Sources */ = {isa = PBXBuildFile; fileRef = 028ACDD21E14A31900AE2C32 /* AFURLRequestSerialization.m */; };
		028ACDDB1E14A31900AE2C32 /* AFURLResponseSerialization.m in Sources */ = {isa = PBXBuildFile; fileRef = 028ACDD41E14A31900AE2C32 /* AFURLResponseSerialization.m */; };
		028ACDDC1E14A31900AE2C32 /* AFURLSessionManager.m in Sources */ = {isa = PBXBuildFile; fileRef = 028ACDD61E14A31900AE2C32 /* AFURLSessionManager.m */; };
		028ACDDE1E15015000AE2C32 /* 1.txt in Resources */ = {isa = PBXBuildFile; fileRef = 028ACDDD1E15015000AE2C32 /* 1.txt */; };
		028D93471E1F91E1009FD7FC /* 番外.txt in Resources */ = {isa = PBXBuildFile; fileRef = 028D93461E1F91E1009FD7FC /* 番外.txt */; };
/* End PBXBuildFile section */

/* Begin PBXContainerItemProxy section */
		028ACDAD1E14A2FF00AE2C32 /* PBXContainerItemProxy */ = {
			isa = PBXContainerItemProxy;
			containerPortal = 028ACD8B1E14A2FF00AE2C32 /* Project object */;
			proxyType = 1;
			remoteGlobalIDString = 028ACD921E14A2FF00AE2C32;
			remoteInfo = afnetTest;
		};
		028ACDB81E14A2FF00AE2C32 /* PBXContainerItemProxy */ = {
			isa = PBXContainerItemProxy;
			containerPortal = 028ACD8B1E14A2FF00AE2C32 /* Project object */;
			proxyType = 1;
			remoteGlobalIDString = 028ACD921E14A2FF00AE2C32;
			remoteInfo = afnetTest;
		};
/* End PBXContainerItemProxy section */

/* Begin PBXFileReference section */
		028ACD931E14A2FF00AE2C32 /* afnetTest.app */ = {isa = PBXFileReference; explicitFileType = wrapper.application; includeInIndex = 0; path = afnetTest.app; sourceTree = BUILT_PRODUCTS_DIR; };
		028ACD971E14A2FF00AE2C32 /* main.m */ = {isa = PBXFileReference; lastKnownFileType = sourcecode.c.objc; path = main.m; sourceTree = "<group>"; };
		028ACD991E14A2FF00AE2C32 /* AppDelegate.h */ = {isa = PBXFileReference; lastKnownFileType = sourcecode.c.h; path = AppDelegate.h; sourceTree = "<group>"; };
		028ACD9A1E14A2FF00AE2C32 /* AppDelegate.m */ = {isa = PBXFileReference; lastKnownFileType = sourcecode.c.objc; path = AppDelegate.m; sourceTree = "<group>"; };
		028ACD9C1E14A2FF00AE2C32 /* ViewController.h */ = {isa = PBXFileReference; lastKnownFileType = sourcecode.c.h; path = ViewController.h; sourceTree = "<group>"; };
		028ACD9D1E14A2FF00AE2C32 /* ViewController.m */ = {isa = PBXFileReference; lastKnownFileType = sourcecode.c.objc; path = ViewController.m; sourceTree = "<group>"; };
		028ACDA01E14A2FF00AE2C32 /* Base */ = {isa = PBXFileReference; lastKnownFileType = file.storyboard; name = Base; path = Base.lproj/Main.storyboard; sourceTree = "<group>"; };
		028ACDA21E14A2FF00AE2C32 /* Assets.xcassets */ = {isa = PBXFileReference; lastKnownFileType = folder.assetcatalog; path = Assets.xcassets; sourceTree = "<group>"; };
		028ACDA51E14A2FF00AE2C32 /* Base */ = {isa = PBXFileReference; lastKnownFileType = file.storyboard; name = Base; path = Base.lproj/LaunchScreen.storyboard; sourceTree = "<group>"; };
		028ACDA71E14A2FF00AE2C32 /* Info.plist */ = {isa = PBXFileReference; lastKnownFileType = text.plist.xml; path = Info.plist; sourceTree = "<group>"; };
		028ACDAC1E14A2FF00AE2C32 /* afnetTestTests.xctest */ = {isa = PBXFileReference; explicitFileType = wrapper.cfbundle; includeInIndex = 0; path = afnetTestTests.xctest; sourceTree = BUILT_PRODUCTS_DIR; };
		028ACDB01E14A2FF00AE2C32 /* afnetTestTests.m */ = {isa = PBXFileReference; lastKnownFileType = sourcecode.c.objc; path = afnetTestTests.m; sourceTree = "<group>"; };
		028ACDB21E14A2FF00AE2C32 /* Info.plist */ = {isa = PBXFileReference; lastKnownFileType = text.plist.xml; path = Info.plist; sourceTree = "<group>"; };
		028ACDB71E14A2FF00AE2C32 /* afnetTestUITests.xctest */ = {isa = PBXFileReference; explicitFileType = wrapper.cfbundle; includeInIndex = 0; path = afnetTestUITests.xctest; sourceTree = BUILT_PRODUCTS_DIR; };
		028ACDBB1E14A2FF00AE2C32 /* afnetTestUITests.m */ = {isa = PBXFileReference; lastKnownFileType = sourcecode.c.objc; path = afnetTestUITests.m; sourceTree = "<group>"; };
		028ACDBD1E14A2FF00AE2C32 /* Info.plist */ = {isa = PBXFileReference; lastKnownFileType = text.plist.xml; path = Info.plist; sourceTree = "<group>"; };
		028ACDCA1E14A31900AE2C32 /* AFHTTPSessionManager.h */ = {isa = PBXFileReference; fileEncoding = 4; lastKnownFileType = sourcecode.c.h; path = AFHTTPSessionManager.h; sourceTree = "<group>"; };
		028ACDCB1E14A31900AE2C32 /* AFHTTPSessionManager.m */ = {isa = PBXFileReference; fileEncoding = 4; lastKnownFileType = sourcecode.c.objc; path = AFHTTPSessionManager.m; sourceTree = "<group>"; };
		028ACDCC1E14A31900AE2C32 /* AFNetworking.h */ = {isa = PBXFileReference; fileEncoding = 4; lastKnownFileType = sourcecode.c.h; path = AFNetworking.h; sourceTree = "<group>"; };
		028ACDCD1E14A31900AE2C32 /* AFNetworkReachabilityManager.h */ = {isa = PBXFileReference; fileEncoding = 4; lastKnownFileType = sourcecode.c.h; path = AFNetworkReachabilityManager.h; sourceTree = "<group>"; };
		028ACDCE1E14A31900AE2C32 /* AFNetworkReachabilityManager.m */ = {isa = PBXFileReference; fileEncoding = 4; lastKnownFileType = sourcecode.c.objc; path = AFNetworkReachabilityManager.m; sourceTree = "<group>"; };
		028ACDCF1E14A31900AE2C32 /* AFSecurityPolicy.h */ = {isa = PBXFileReference; fileEncoding = 4; lastKnownFileType = sourcecode.c.h; path = AFSecurityPolicy.h; sourceTree = "<group>"; };
		028ACDD01E14A31900AE2C32 /* AFSecurityPolicy.m */ = {isa = PBXFileReference; fileEncoding = 4; lastKnownFileType = sourcecode.c.objc; path = AFSecurityPolicy.m; sourceTree = "<group>"; };
		028ACDD11E14A31900AE2C32 /* AFURLRequestSerialization.h */ = {isa = PBXFileReference; fileEncoding = 4; lastKnownFileType = sourcecode.c.h; path = AFURLRequestSerialization.h; sourceTree = "<group>"; };
		028ACDD21E14A31900AE2C32 /* AFURLRequestSerialization.m */ = {isa = PBXFileReference; fileEncoding = 4; lastKnownFileType = sourcecode.c.objc; path = AFURLRequestSerialization.m; sourceTree = "<group>"; };
		028ACDD31E14A31900AE2C32 /* AFURLResponseSerialization.h */ = {isa = PBXFileReference; fileEncoding = 4; lastKnownFileType = sourcecode.c.h; path = AFURLResponseSerialization.h; sourceTree = "<group>"; };
		028ACDD41E14A31900AE2C32 /* AFURLResponseSerialization.m */ = {isa = PBXFileReference; fileEncoding = 4; lastKnownFileType = sourcecode.c.objc; path = AFURLResponseSerialization.m; sourceTree = "<group>"; };
		028ACDD51E14A31900AE2C32 /* AFURLSessionManager.h */ = {isa = PBXFileReference; fileEncoding = 4; lastKnownFileType = sourcecode.c.h; path = AFURLSessionManager.h; sourceTree = "<group>"; };
		028ACDD61E14A31900AE2C32 /* AFURLSessionManager.m */ = {isa = PBXFileReference; fileEncoding = 4; lastKnownFileType = sourcecode.c.objc; path = AFURLSessionManager.m; sourceTree = "<group>"; };
		028ACDDD1E15015000AE2C32 /* 1.txt */ = {isa = PBXFileReference; fileEncoding = 4; lastKnownFileType = text; path = 1.txt; sourceTree = "<group>"; };
		028D93461E1F91E1009FD7FC /* 番外.txt */ = {isa = PBXFileReference; fileEncoding = 4; lastKnownFileType = text; path = "番外.txt"; sourceTree = "<group>"; };
/* End PBXFileReference section */

/* Begin PBXFrameworksBuildPhase section */
		028ACD901E14A2FF00AE2C32 /* Frameworks */ = {
			isa = PBXFrameworksBuildPhase;
			buildActionMask = 2147483647;
			files = (
			);
			runOnlyForDeploymentPostprocessing = 0;
		};
		028ACDA91E14A2FF00AE2C32 /* Frameworks */ = {
			isa = PBXFrameworksBuildPhase;
			buildActionMask = 2147483647;
			files = (
			);
			runOnlyForDeploymentPostprocessing = 0;
		};
		028ACDB41E14A2FF00AE2C32 /* Frameworks */ = {
			isa = PBXFrameworksBuildPhase;
			buildActionMask = 2147483647;
			files = (
			);
			runOnlyForDeploymentPostprocessing = 0;
		};
/* End PBXFrameworksBuildPhase section */

/* Begin PBXGroup section */
		028ACD8A1E14A2FF00AE2C32 = {
			isa = PBXGroup;
			children = (
				028ACD951E14A2FF00AE2C32 /* afnetTest */,
				028ACDAF1E14A2FF00AE2C32 /* afnetTestTests */,
				028ACDBA1E14A2FF00AE2C32 /* afnetTestUITests */,
				028ACD941E14A2FF00AE2C32 /* Products */,
			);
			sourceTree = "<group>";
		};
		028ACD941E14A2FF00AE2C32 /* Products */ = {
			isa = PBXGroup;
			children = (
				028ACD931E14A2FF00AE2C32 /* afnetTest.app */,
				028ACDAC1E14A2FF00AE2C32 /* afnetTestTests.xctest */,
				028ACDB71E14A2FF00AE2C32 /* afnetTestUITests.xctest */,
			);
			name = Products;
			sourceTree = "<group>";
		};
		028ACD951E14A2FF00AE2C32 /* afnetTest */ = {
			isa = PBXGroup;
			children = (
				028D93461E1F91E1009FD7FC /* 番外.txt */,
				028ACDC91E14A31900AE2C32 /* AFNetworking */,
				028ACD991E14A2FF00AE2C32 /* AppDelegate.h */,
				028ACD9A1E14A2FF00AE2C32 /* AppDelegate.m */,
				028ACD9C1E14A2FF00AE2C32 /* ViewController.h */,
				028ACD9D1E14A2FF00AE2C32 /* ViewController.m */,
				028ACD9F1E14A2FF00AE2C32 /* Main.storyboard */,
				028ACDA21E14A2FF00AE2C32 /* Assets.xcassets */,
				028ACDA41E14A2FF00AE2C32 /* LaunchScreen.storyboard */,
				028ACDA71E14A2FF00AE2C32 /* Info.plist */,
				028ACDDD1E15015000AE2C32 /* 1.txt */,
				028ACD961E14A2FF00AE2C32 /* Supporting Files */,
			);
			path = afnetTest;
			sourceTree = "<group>";
		};
		028ACD961E14A2FF00AE2C32 /* Supporting Files */ = {
			isa = PBXGroup;
			children = (
				028ACD971E14A2FF00AE2C32 /* main.m */,
			);
			name = "Supporting Files";
			sourceTree = "<group>";
		};
		028ACDAF1E14A2FF00AE2C32 /* afnetTestTests */ = {
			isa = PBXGroup;
			children = (
				028ACDB01E14A2FF00AE2C32 /* afnetTestTests.m */,
				028ACDB21E14A2FF00AE2C32 /* Info.plist */,
			);
			path = afnetTestTests;
			sourceTree = "<group>";
		};
		028ACDBA1E14A2FF00AE2C32 /* afnetTestUITests */ = {
			isa = PBXGroup;
			children = (
				028ACDBB1E14A2FF00AE2C32 /* afnetTestUITests.m */,
				028ACDBD1E14A2FF00AE2C32 /* Info.plist */,
			);
			path = afnetTestUITests;
			sourceTree = "<group>";
		};
		028ACDC91E14A31900AE2C32 /* AFNetworking */ = {
			isa = PBXGroup;
			children = (
				028ACDCA1E14A31900AE2C32 /* AFHTTPSessionManager.h */,
				028ACDCB1E14A31900AE2C32 /* AFHTTPSessionManager.m */,
				028ACDCC1E14A31900AE2C32 /* AFNetworking.h */,
				028ACDCD1E14A31900AE2C32 /* AFNetworkReachabilityManager.h */,
				028ACDCE1E14A31900AE2C32 /* AFNetworkReachabilityManager.m */,
				028ACDCF1E14A31900AE2C32 /* AFSecurityPolicy.h */,
				028ACDD01E14A31900AE2C32 /* AFSecurityPolicy.m */,
				028ACDD11E14A31900AE2C32 /* AFURLRequestSerialization.h */,
				028ACDD21E14A31900AE2C32 /* AFURLRequestSerialization.m */,
				028ACDD31E14A31900AE2C32 /* AFURLResponseSerialization.h */,
				028ACDD41E14A31900AE2C32 /* AFURLResponseSerialization.m */,
				028ACDD51E14A31900AE2C32 /* AFURLSessionManager.h */,
				028ACDD61E14A31900AE2C32 /* AFURLSessionManager.m */,
			);
			path = AFNetworking;
			sourceTree = "<group>";
		};
/* End PBXGroup section */

/* Begin PBXNativeTarget section */
		028ACD921E14A2FF00AE2C32 /* afnetTest */ = {
			isa = PBXNativeTarget;
			buildConfigurationList = 028ACDC01E14A2FF00AE2C32 /* Build configuration list for PBXNativeTarget "afnetTest" */;
			buildPhases = (
				028ACD8F1E14A2FF00AE2C32 /* Sources */,
				028ACD901E14A2FF00AE2C32 /* Frameworks */,
				028ACD911E14A2FF00AE2C32 /* Resources */,
			);
			buildRules = (
			);
			dependencies = (
			);
			name = afnetTest;
			productName = afnetTest;
			productReference = 028ACD931E14A2FF00AE2C32 /* afnetTest.app */;
			productType = "com.apple.product-type.application";
		};
		028ACDAB1E14A2FF00AE2C32 /* afnetTestTests */ = {
			isa = PBXNativeTarget;
			buildConfigurationList = 028ACDC31E14A2FF00AE2C32 /* Build configuration list for PBXNativeTarget "afnetTestTests" */;
			buildPhases = (
				028ACDA81E14A2FF00AE2C32 /* Sources */,
				028ACDA91E14A2FF00AE2C32 /* Frameworks */,
				028ACDAA1E14A2FF00AE2C32 /* Resources */,
			);
			buildRules = (
			);
			dependencies = (
				028ACDAE1E14A2FF00AE2C32 /* PBXTargetDependency */,
			);
			name = afnetTestTests;
			productName = afnetTestTests;
			productReference = 028ACDAC1E14A2FF00AE2C32 /* afnetTestTests.xctest */;
			productType = "com.apple.product-type.bundle.unit-test";
		};
		028ACDB61E14A2FF00AE2C32 /* afnetTestUITests */ = {
			isa = PBXNativeTarget;
			buildConfigurationList = 028ACDC61E14A2FF00AE2C32 /* Build configuration list for PBXNativeTarget "afnetTestUITests" */;
			buildPhases = (
				028ACDB31E14A2FF00AE2C32 /* Sources */,
				028ACDB41E14A2FF00AE2C32 /* Frameworks */,
				028ACDB51E14A2FF00AE2C32 /* Resources */,
			);
			buildRules = (
			);
			dependencies = (
				028ACDB91E14A2FF00AE2C32 /* PBXTargetDependency */,
			);
			name = afnetTestUITests;
			productName = afnetTestUITests;
			productReference = 028ACDB71E14A2FF00AE2C32 /* afnetTestUITests.xctest */;
			productType = "com.apple.product-type.bundle.ui-testing";
		};
/* End PBXNativeTarget section */

/* Begin PBXProject section */
		028ACD8B1E14A2FF00AE2C32 /* Project object */ = {
			isa = PBXProject;
			attributes = {
				LastUpgradeCheck = 0810;
				ORGANIZATIONNAME = lic;
				TargetAttributes = {
					028ACD921E14A2FF00AE2C32 = {
						CreatedOnToolsVersion = 8.1;
						DevelopmentTeam = 4TV36D67XR;
						ProvisioningStyle = Automatic;
					};
					028ACDAB1E14A2FF00AE2C32 = {
						CreatedOnToolsVersion = 8.1;
						ProvisioningStyle = Automatic;
						TestTargetID = 028ACD921E14A2FF00AE2C32;
					};
					028ACDB61E14A2FF00AE2C32 = {
						CreatedOnToolsVersion = 8.1;
						ProvisioningStyle = Automatic;
						TestTargetID = 028ACD921E14A2FF00AE2C32;
					};
				};
			};
			buildConfigurationList = 028ACD8E1E14A2FF00AE2C32 /* Build configuration list for PBXProject "afnetTest" */;
			compatibilityVersion = "Xcode 3.2";
			developmentRegion = English;
			hasScannedForEncodings = 0;
			knownRegions = (
				en,
				Base,
			);
			mainGroup = 028ACD8A1E14A2FF00AE2C32;
			productRefGroup = 028ACD941E14A2FF00AE2C32 /* Products */;
			projectDirPath = "";
			projectRoot = "";
			targets = (
				028ACD921E14A2FF00AE2C32 /* afnetTest */,
				028ACDAB1E14A2FF00AE2C32 /* afnetTestTests */,
				028ACDB61E14A2FF00AE2C32 /* afnetTestUITests */,
			);
		};
/* End PBXProject section */

/* Begin PBXResourcesBuildPhase section */
		028ACD911E14A2FF00AE2C32 /* Resources */ = {
			isa = PBXResourcesBuildPhase;
			buildActionMask = 2147483647;
			files = (
				028D93471E1F91E1009FD7FC /* 番外.txt in Resources */,
				028ACDA61E14A2FF00AE2C32 /* LaunchScreen.storyboard in Resources */,
				028ACDDE1E15015000AE2C32 /* 1.txt in Resources */,
				028ACDA31E14A2FF00AE2C32 /* Assets.xcassets in Resources */,
				028ACDA11E14A2FF00AE2C32 /* Main.storyboard in Resources */,
			);
			runOnlyForDeploymentPostprocessing = 0;
		};
		028ACDAA1E14A2FF00AE2C32 /* Resources */ = {
			isa = PBXResourcesBuildPhase;
			buildActionMask = 2147483647;
			files = (
			);
			runOnlyForDeploymentPostprocessing = 0;
		};
		028ACDB51E14A2FF00AE2C32 /* Resources */ = {
			isa = PBXResourcesBuildPhase;
			buildActionMask = 2147483647;
			files = (
			);
			runOnlyForDeploymentPostprocessing = 0;
		};
/* End PBXResourcesBuildPhase section */

/* Begin PBXSourcesBuildPhase section */
		028ACD8F1E14A2FF00AE2C32 /* Sources */ = {
			isa = PBXSourcesBuildPhase;
			buildActionMask = 2147483647;
			files = (
				028ACDDC1E14A31900AE2C32 /* AFURLSessionManager.m in Sources */,
				028ACD9E1E14A2FF00AE2C32 /* ViewController.m in Sources */,
				028ACD9B1E14A2FF00AE2C32 /* AppDelegate.m in Sources */,
				028ACDD81E14A31900AE2C32 /* AFNetworkReachabilityManager.m in Sources */,
				028ACD981E14A2FF00AE2C32 /* main.m in Sources */,
				028ACDD91E14A31900AE2C32 /* AFSecurityPolicy.m in Sources */,
				028ACDDA1E14A31900AE2C32 /* AFURLRequestSerialization.m in Sources */,
				028ACDDB1E14A31900AE2C32 /* AFURLResponseSerialization.m in Sources */,
				028ACDD71E14A31900AE2C32 /* AFHTTPSessionManager.m in Sources */,
			);
			runOnlyForDeploymentPostprocessing = 0;
		};
		028ACDA81E14A2FF00AE2C32 /* Sources */ = {
			isa = PBXSourcesBuildPhase;
			buildActionMask = 2147483647;
			files = (
				028ACDB11E14A2FF00AE2C32 /* afnetTestTests.m in Sources */,
			);
			runOnlyForDeploymentPostprocessing = 0;
		};
		028ACDB31E14A2FF00AE2C32 /* Sources */ = {
			isa = PBXSourcesBuildPhase;
			buildActionMask = 2147483647;
			files = (
				028ACDBC1E14A2FF00AE2C32 /* afnetTestUITests.m in Sources */,
			);
			runOnlyForDeploymentPostprocessing = 0;
		};
/* End PBXSourcesBuildPhase section */

/* Begin PBXTargetDependency section */
		028ACDAE1E14A2FF00AE2C32 /* PBXTargetDependency */ = {
			isa = PBXTargetDependency;
			target = 028ACD921E14A2FF00AE2C32 /* afnetTest */;
			targetProxy = 028ACDAD1E14A2FF00AE2C32 /* PBXContainerItemProxy */;
		};
		028ACDB91E14A2FF00AE2C32 /* PBXTargetDependency */ = {
			isa = PBXTargetDependency;
			target = 028ACD921E14A2FF00AE2C32 /* afnetTest */;
			targetProxy = 028ACDB81E14A2FF00AE2C32 /* PBXContainerItemProxy */;
		};
/* End PBXTargetDependency section */

/* Begin PBXVariantGroup section */
		028ACD9F1E14A2FF00AE2C32 /* Main.storyboard */ = {
			isa = PBXVariantGroup;
			children = (
				028ACDA01E14A2FF00AE2C32 /* Base */,
			);
			name = Main.storyboard;
			sourceTree = "<group>";
		};
		028ACDA41E14A2FF00AE2C32 /* LaunchScreen.storyboard */ = {
			isa = PBXVariantGroup;
			children = (
				028ACDA51E14A2FF00AE2C32 /* Base */,
			);
			name = LaunchScreen.storyboard;
			sourceTree = "<group>";
		};
/* End PBXVariantGroup section */

/* Begin XCBuildConfiguration section */
		028ACDBE1E14A2FF00AE2C32 /* Debug */ = {
			isa = XCBuildConfiguration;
			buildSettings = {
				ALWAYS_SEARCH_USER_PATHS = NO;
				CLANG_ANALYZER_NONNULL = YES;
				CLANG_CXX_LANGUAGE_STANDARD = "gnu++0x";
				CLANG_CXX_LIBRARY = "libc++";
				CLANG_ENABLE_MODULES = YES;
				CLANG_ENABLE_OBJC_ARC = YES;
				CLANG_WARN_BOOL_CONVERSION = YES;
				CLANG_WARN_CONSTANT_CONVERSION = YES;
				CLANG_WARN_DIRECT_OBJC_ISA_USAGE = YES_ERROR;
				CLANG_WARN_DOCUMENTATION_COMMENTS = YES;
				CLANG_WARN_EMPTY_BODY = YES;
				CLANG_WARN_ENUM_CONVERSION = YES;
				CLANG_WARN_INFINITE_RECURSION = YES;
				CLANG_WARN_INT_CONVERSION = YES;
				CLANG_WARN_OBJC_ROOT_CLASS = YES_ERROR;
				CLANG_WARN_SUSPICIOUS_MOVES = YES;
				CLANG_WARN_UNREACHABLE_CODE = YES;
				CLANG_WARN__DUPLICATE_METHOD_MATCH = YES;
				"CODE_SIGN_IDENTITY[sdk=iphoneos*]" = "iPhone Developer";
				COPY_PHASE_STRIP = NO;
				DEBUG_INFORMATION_FORMAT = dwarf;
				ENABLE_STRICT_OBJC_MSGSEND = YES;
				ENABLE_TESTABILITY = YES;
				GCC_C_LANGUAGE_STANDARD = gnu99;
				GCC_DYNAMIC_NO_PIC = NO;
				GCC_NO_COMMON_BLOCKS = YES;
				GCC_OPTIMIZATION_LEVEL = 0;
				GCC_PREPROCESSOR_DEFINITIONS = (
					"DEBUG=1",
					"$(inherited)",
				);
				GCC_WARN_64_TO_32_BIT_CONVERSION = YES;
				GCC_WARN_ABOUT_RETURN_TYPE = YES_ERROR;
				GCC_WARN_UNDECLARED_SELECTOR = YES;
				GCC_WARN_UNINITIALIZED_AUTOS = YES_AGGRESSIVE;
				GCC_WARN_UNUSED_FUNCTION = YES;
				GCC_WARN_UNUSED_VARIABLE = YES;
				IPHONEOS_DEPLOYMENT_TARGET = 10.1;
				MTL_ENABLE_DEBUG_INFO = YES;
				ONLY_ACTIVE_ARCH = YES;
				SDKROOT = iphoneos;
				TARGETED_DEVICE_FAMILY = "1,2";
			};
			name = Debug;
		};
		028ACDBF1E14A2FF00AE2C32 /* Release */ = {
			isa = XCBuildConfiguration;
			buildSettings = {
				ALWAYS_SEARCH_USER_PATHS = NO;
				CLANG_ANALYZER_NONNULL = YES;
				CLANG_CXX_LANGUAGE_STANDARD = "gnu++0x";
				CLANG_CXX_LIBRARY = "libc++";
				CLANG_ENABLE_MODULES = YES;
				CLANG_ENABLE_OBJC_ARC = YES;
				CLANG_WARN_BOOL_CONVERSION = YES;
				CLANG_WARN_CONSTANT_CONVERSION = YES;
				CLANG_WARN_DIRECT_OBJC_ISA_USAGE = YES_ERROR;
				CLANG_WARN_DOCUMENTATION_COMMENTS = YES;
				CLANG_WARN_EMPTY_BODY = YES;
				CLANG_WARN_ENUM_CONVERSION = YES;
				CLANG_WARN_INFINITE_RECURSION = YES;
				CLANG_WARN_INT_CONVERSION = YES;
				CLANG_WARN_OBJC_ROOT_CLASS = YES_ERROR;
				CLANG_WARN_SUSPICIOUS_MOVES = YES;
				CLANG_WARN_UNREACHABLE_CODE = YES;
				CLANG_WARN__DUPLICATE_METHOD_MATCH = YES;
				"CODE_SIGN_IDENTITY[sdk=iphoneos*]" = "iPhone Developer";
				COPY_PHASE_STRIP = NO;
				DEBUG_INFORMATION_FORMAT = "dwarf-with-dsym";
				ENABLE_NS_ASSERTIONS = NO;
				ENABLE_STRICT_OBJC_MSGSEND = YES;
				GCC_C_LANGUAGE_STANDARD = gnu99;
				GCC_NO_COMMON_BLOCKS = YES;
				GCC_WARN_64_TO_32_BIT_CONVERSION = YES;
				GCC_WARN_ABOUT_RETURN_TYPE = YES_ERROR;
				GCC_WARN_UNDECLARED_SELECTOR = YES;
				GCC_WARN_UNINITIALIZED_AUTOS = YES_AGGRESSIVE;
				GCC_WARN_UNUSED_FUNCTION = YES;
				GCC_WARN_UNUSED_VARIABLE = YES;
				IPHONEOS_DEPLOYMENT_TARGET = 10.1;
				MTL_ENABLE_DEBUG_INFO = NO;
				SDKROOT = iphoneos;
				TARGETED_DEVICE_FAMILY = "1,2";
				VALIDATE_PRODUCT = YES;
			};
			name = Release;
		};
		028ACDC11E14A2FF00AE2C32 /* Debug */ = {
			isa = XCBuildConfiguration;
			buildSettings = {
				ASSETCATALOG_COMPILER_APPICON_NAME = AppIcon;
				DEVELOPMENT_TEAM = 4TV36D67XR;
				INFOPLIST_FILE = afnetTest/Info.plist;
				IPHONEOS_DEPLOYMENT_TARGET = 8.0;
				LD_RUNPATH_SEARCH_PATHS = "$(inherited) @executable_path/Frameworks";
				PRODUCT_BUNDLE_IDENTIFIER = com.lic.test.afnetTest;
				PRODUCT_NAME = "$(TARGET_NAME)";
			};
			name = Debug;
		};
		028ACDC21E14A2FF00AE2C32 /* Release */ = {
			isa = XCBuildConfiguration;
			buildSettings = {
				ASSETCATALOG_COMPILER_APPICON_NAME = AppIcon;
				DEVELOPMENT_TEAM = 4TV36D67XR;
				INFOPLIST_FILE = afnetTest/Info.plist;
				IPHONEOS_DEPLOYMENT_TARGET = 8.0;
				LD_RUNPATH_SEARCH_PATHS = "$(inherited) @executable_path/Frameworks";
				PRODUCT_BUNDLE_IDENTIFIER = com.lic.test.afnetTest;
				PRODUCT_NAME = "$(TARGET_NAME)";
			};
			name = Release;
		};
		028ACDC41E14A2FF00AE2C32 /* Debug */ = {
			isa = XCBuildConfiguration;
			buildSettings = {
				BUNDLE_LOADER = "$(TEST_HOST)";
				INFOPLIST_FILE = afnetTestTests/Info.plist;
				LD_RUNPATH_SEARCH_PATHS = "$(inherited) @executable_path/Frameworks @loader_path/Frameworks";
				PRODUCT_BUNDLE_IDENTIFIER = com.lic.test.afnetTestTests;
				PRODUCT_NAME = "$(TARGET_NAME)";
				TEST_HOST = "$(BUILT_PRODUCTS_DIR)/afnetTest.app/afnetTest";
			};
			name = Debug;
		};
		028ACDC51E14A2FF00AE2C32 /* Release */ = {
			isa = XCBuildConfiguration;
			buildSettings = {
				BUNDLE_LOADER = "$(TEST_HOST)";
				INFOPLIST_FILE = afnetTestTests/Info.plist;
				LD_RUNPATH_SEARCH_PATHS = "$(inherited) @executable_path/Frameworks @loader_path/Frameworks";
				PRODUCT_BUNDLE_IDENTIFIER = com.lic.test.afnetTestTests;
				PRODUCT_NAME = "$(TARGET_NAME)";
				TEST_HOST = "$(BUILT_PRODUCTS_DIR)/afnetTest.app/afnetTest";
			};
			name = Release;
		};
		028ACDC71E14A2FF00AE2C32 /* Debug */ = {
			isa = XCBuildConfiguration;
			buildSettings = {
				INFOPLIST_FILE = afnetTestUITests/Info.plist;
				LD_RUNPATH_SEARCH_PATHS = "$(inherited) @executable_path/Frameworks @loader_path/Frameworks";
				PRODUCT_BUNDLE_IDENTIFIER = com.lic.test.afnetTestUITests;
				PRODUCT_NAME = "$(TARGET_NAME)";
				TEST_TARGET_NAME = afnetTest;
			};
			name = Debug;
		};
		028ACDC81E14A2FF00AE2C32 /* Release */ = {
			isa = XCBuildConfiguration;
			buildSettings = {
				INFOPLIST_FILE = afnetTestUITests/Info.plist;
				LD_RUNPATH_SEARCH_PATHS = "$(inherited) @executable_path/Frameworks @loader_path/Frameworks";
				PRODUCT_BUNDLE_IDENTIFIER = com.lic.test.afnetTestUITests;
				PRODUCT_NAME = "$(TARGET_NAME)";
				TEST_TARGET_NAME = afnetTest;
			};
			name = Release;
		};
/* End XCBuildConfiguration section */

/* Begin XCConfigurationList section */
		028ACD8E1E14A2FF00AE2C32 /* Build configuration list for PBXProject "afnetTest" */ = {
			isa = XCConfigurationList;
			buildConfigurations = (
				028ACDBE1E14A2FF00AE2C32 /* Debug */,
				028ACDBF1E14A2FF00AE2C32 /* Release */,
			);
			defaultConfigurationIsVisible = 0;
			defaultConfigurationName = Release;
		};
		028ACDC01E14A2FF00AE2C32 /* Build configuration list for PBXNativeTarget "afnetTest" */ = {
			isa = XCConfigurationList;
			buildConfigurations = (
				028ACDC11E14A2FF00AE2C32 /* Debug */,
				028ACDC21E14A2FF00AE2C32 /* Release */,
			);
			defaultConfigurationIsVisible = 0;
			defaultConfigurationName = Release;
		};
		028ACDC31E14A2FF00AE2C32 /* Build configuration list for PBXNativeTarget "afnetTestTests" */ = {
			isa = XCConfigurationList;
			buildConfigurations = (
				028ACDC41E14A2FF00AE2C32 /* Debug */,
				028ACDC51E14A2FF00AE2C32 /* Release */,
			);
			defaultConfigurationIsVisible = 0;
			defaultConfigurationName = Release;
		};
		028ACDC61E14A2FF00AE2C32 /* Build configuration list for PBXNativeTarget "afnetTestUITests" */ = {
			isa = XCConfigurationList;
			buildConfigurations = (
				028ACDC71E14A2FF00AE2C32 /* Debug */,
				028ACDC81E14A2FF00AE2C32 /* Release */,
			);
			defaultConfigurationIsVisible = 0;
			defaultConfigurationName = Release;
		};
/* End XCConfigurationList section */
	};
	rootObject = 028ACD8B1E14A2FF00AE2C32 /* Project object */;
}
